
Microsoft Visual Studio Solution File, Format Version 12.00
# Visual Studio Version 16
VisualStudioVersion = 16.0.31112.23
MinimumVisualStudioVersion = 10.0.40219.1
Project("{FAE04EC0-301F-11D3-BF4B-00C04F79EFBC}") = "mastermind", "mastermind\mastermind.csproj", "{2600D134-4C16-4FD7-9C39-6648B45DB7F6}"
EndProject
Global
	GlobalSection(SolutionConfigurationPlatforms) = preSolution
		Debug|Any CPU = Debug|Any CPU
		Release|Any CPU = Release|Any CPU
	EndGlobalSection
	GlobalSection(ProjectConfigurationPlatforms) = postSolution
		{2600D134-4C16-4FD7-9C39-6648B45DB7F6}.Debug|Any CPU.ActiveCfg = Debug|Any CPU
		{2600D134-4C16-4FD7-9C39-6648B45DB7F6}.Debug|Any CPU.Build.0 = Debug|Any CPU
		{2600D134-4C16-4FD7-9C39-6648B45DB7F6}.Release|Any CPU.ActiveCfg = Release|Any CPU
		{2600D134-4C16-4FD7-9C39-6648B45DB7F6}.Release|Any CPU.Build.0 = Release|Any CPU
	EndGlobalSection
	GlobalSection(SolutionProperties) = preSolution
		HideSolutionNode = FALSE
	EndGlobalSection
	GlobalSection(ExtensibilityGlobals) = postSolution
		SolutionGuid = {0D72279D-218F-40BA-B46F-4E0F467359D9}
	EndGlobalSection
EndGlobal
